lockVersion: 2.0.0
id: 91bdbd90-02f3-42cf-b418-676e9a74d7c5
management:
  docChecksum: 77e13b17ad1a2385ff3b0d6192fdab15
  docVersion: 0.0.1
  speakeasyVersion: 1.312.0
  generationVersion: 2.347.8
  releaseVersion: 0.0.3
  configChecksum: 64c2612430aaa93e089aa15381fed952
features:
  python:
    additionalDependencies: 0.1.0
    constsAndDefaults: 0.1.3
    core: 4.6.12
    flattening: 2.81.1
    globalSecurity: 2.83.5
    globalSecurityCallbacks: 0.1.0
    globalSecurityFlattening: 0.1.0
    globalServerURLs: 2.82.2
    inputOutputModels: 2.83.1
    responseFormat: 0.1.0
    sdkHooks: 0.1.0
generatedFiles:
  - src/vibrato/sdkconfiguration.py
  - src/vibrato/calls.py
  - src/vibrato/sdk.py
  - py.typed
  - pylintrc
  - scripts/publish.sh
  - setup.py
  - src/vibrato/__init__.py
  - src/vibrato/utils/__init__.py
  - src/vibrato/utils/retries.py
  - src/vibrato/utils/utils.py
  - src/vibrato/models/errors/sdkerror.py
  - src/vibrato/models/operations/listcalls.py
  - src/vibrato/models/operations/createcall.py
  - src/vibrato/models/operations/retrievecall.py
  - src/vibrato/models/operations/updatecall.py
  - src/vibrato/models/operations/deletecall.py
  - src/vibrato/models/operations/endcall.py
  - src/vibrato/models/operations/gettranscript.py
  - src/vibrato/models/components/calllist.py
  - src/vibrato/models/components/call.py
  - src/vibrato/models/components/httpmetadata.py
  - src/vibrato/models/components/call_input.py
  - src/vibrato/models/components/transcript.py
  - src/vibrato/models/components/transcriptmessage.py
  - src/vibrato/models/components/security.py
  - src/vibrato/models/__init__.py
  - src/vibrato/models/errors/__init__.py
  - src/vibrato/models/operations/__init__.py
  - src/vibrato/models/components/__init__.py
  - docs/models/operations/listcallsresponse.md
  - docs/models/operations/createcallresponse.md
  - docs/models/operations/retrievecallrequest.md
  - docs/models/operations/retrievecallresponse.md
  - docs/models/operations/updatecallrequest.md
  - docs/models/operations/updatecallresponse.md
  - docs/models/operations/deletecallrequest.md
  - docs/models/operations/deletecallresponse.md
  - docs/models/operations/endcallrequest.md
  - docs/models/operations/endcallresponse.md
  - docs/models/operations/gettranscriptrequest.md
  - docs/models/operations/gettranscriptresponse.md
  - docs/models/components/calllist.md
  - docs/models/components/call.md
  - docs/models/components/httpmetadata.md
  - docs/models/components/callinput.md
  - docs/models/components/transcript.md
  - docs/models/components/transcriptmessage.md
  - docs/models/components/security.md
  - docs/sdks/vibrato/README.md
  - docs/sdks/calls/README.md
  - USAGE.md
  - .gitattributes
  - src/vibrato/_hooks/sdkhooks.py
  - src/vibrato/_hooks/types.py
  - src/vibrato/_hooks/__init__.py
