lockVersion: 2.0.0
id: 4917d4dd-5e68-4d79-a8a3-8b030c2718fc
management:
  docChecksum: 164695b91b2b7d27f45499e1784c385a
  docVersion: 0.0.1
  speakeasyVersion: 1.335.0
  generationVersion: 2.370.2
  releaseVersion: 0.1.4
  configChecksum: a0ba626fa2d371d2fab3238096f9f75c
features:
  python:
    additionalDependencies: 0.1.0
    constsAndDefaults: 0.1.3
    core: 4.8.1
    flattening: 2.81.1
    globalSecurity: 2.83.5
    globalSecurityCallbacks: 0.1.0
    globalSecurityFlattening: 0.1.0
    globalServerURLs: 2.82.2
    inputOutputModels: 2.83.1
    nullables: 0.1.0
    responseFormat: 0.1.0
    sdkHooks: 0.1.0
generatedFiles:
  - src/vibrato/sdkconfiguration.py
  - src/vibrato/users.py
  - src/vibrato/calls.py
  - src/vibrato/tasktemplates.py
  - src/vibrato/campaigns.py
  - src/vibrato/contacts.py
  - src/vibrato/sdk.py
  - py.typed
  - pylintrc
  - scripts/publish.sh
  - setup.py
  - src/vibrato/__init__.py
  - src/vibrato/utils/__init__.py
  - src/vibrato/utils/retries.py
  - src/vibrato/utils/utils.py
  - src/vibrato/models/errors/sdkerror.py
  - src/vibrato/models/operations/retrievecurrentuser.py
  - src/vibrato/models/operations/listcalls.py
  - src/vibrato/models/operations/createcall.py
  - src/vibrato/models/operations/createcallfromtasktemplate.py
  - src/vibrato/models/operations/retrievecall.py
  - src/vibrato/models/operations/updatecall.py
  - src/vibrato/models/operations/deletecall.py
  - src/vibrato/models/operations/endcall.py
  - src/vibrato/models/operations/gettranscript.py
  - src/vibrato/models/operations/listtasktemplates.py
  - src/vibrato/models/operations/createtasktemplate.py
  - src/vibrato/models/operations/retrievetasktemplate.py
  - src/vibrato/models/operations/updatetasktemplate.py
  - src/vibrato/models/operations/deletetasktemplate.py
  - src/vibrato/models/operations/createtasktemplatefromcall.py
  - src/vibrato/models/operations/listcampaigns.py
  - src/vibrato/models/operations/createcampaign.py
  - src/vibrato/models/operations/retrievecampaign.py
  - src/vibrato/models/operations/updatecampaign.py
  - src/vibrato/models/operations/deletecampaign.py
  - src/vibrato/models/operations/listcontacts.py
  - src/vibrato/models/operations/createcontact.py
  - src/vibrato/models/operations/retrievecontact.py
  - src/vibrato/models/operations/updatecontact.py
  - src/vibrato/models/operations/deletecontact.py
  - src/vibrato/models/components/user.py
  - src/vibrato/models/components/plan.py
  - src/vibrato/models/components/httpmetadata.py
  - src/vibrato/models/components/calllist.py
  - src/vibrato/models/components/call.py
  - src/vibrato/models/components/call_input.py
  - src/vibrato/models/components/createfromtasktemplate.py
  - src/vibrato/models/components/transcript.py
  - src/vibrato/models/components/transcriptmessage.py
  - src/vibrato/models/components/tasktemplatelist.py
  - src/vibrato/models/components/tasktemplate.py
  - src/vibrato/models/components/tasktemplateproperty.py
  - src/vibrato/models/components/tasktemplate_input.py
  - src/vibrato/models/components/campaignlist.py
  - src/vibrato/models/components/campaign.py
  - src/vibrato/models/components/dailyavailability.py
  - src/vibrato/models/components/campaign_input.py
  - src/vibrato/models/components/contactlist.py
  - src/vibrato/models/components/contact.py
  - src/vibrato/models/components/campaigncall.py
  - src/vibrato/models/components/campaigncall_input.py
  - src/vibrato/models/components/security.py
  - src/vibrato/models/__init__.py
  - src/vibrato/models/errors/__init__.py
  - src/vibrato/models/operations/__init__.py
  - src/vibrato/models/components/__init__.py
  - docs/models/operations/retrievecurrentuserresponse.md
  - docs/models/operations/listcallsresponse.md
  - docs/models/operations/createcallresponse.md
  - docs/models/operations/createcallfromtasktemplateresponse.md
  - docs/models/operations/retrievecallrequest.md
  - docs/models/operations/retrievecallresponse.md
  - docs/models/operations/updatecallrequest.md
  - docs/models/operations/updatecallresponse.md
  - docs/models/operations/deletecallrequest.md
  - docs/models/operations/deletecallresponse.md
  - docs/models/operations/endcallrequest.md
  - docs/models/operations/endcallresponse.md
  - docs/models/operations/gettranscriptrequest.md
  - docs/models/operations/gettranscriptresponse.md
  - docs/models/operations/listtasktemplatesresponse.md
  - docs/models/operations/createtasktemplateresponse.md
  - docs/models/operations/retrievetasktemplaterequest.md
  - docs/models/operations/retrievetasktemplateresponse.md
  - docs/models/operations/updatetasktemplaterequest.md
  - docs/models/operations/updatetasktemplateresponse.md
  - docs/models/operations/deletetasktemplaterequest.md
  - docs/models/operations/deletetasktemplateresponse.md
  - docs/models/operations/createtasktemplatefromcallrequestbody.md
  - docs/models/operations/createtasktemplatefromcallresponse.md
  - docs/models/operations/listcampaignsresponse.md
  - docs/models/operations/createcampaignresponse.md
  - docs/models/operations/retrievecampaignrequest.md
  - docs/models/operations/retrievecampaignresponse.md
  - docs/models/operations/updatecampaignrequest.md
  - docs/models/operations/updatecampaignresponse.md
  - docs/models/operations/deletecampaignrequest.md
  - docs/models/operations/deletecampaignresponse.md
  - docs/models/operations/listcontactsresponse.md
  - docs/models/operations/createcontactresponse.md
  - docs/models/operations/retrievecontactrequest.md
  - docs/models/operations/retrievecontactresponse.md
  - docs/models/operations/updatecontactrequest.md
  - docs/models/operations/updatecontactresponse.md
  - docs/models/operations/deletecontactrequest.md
  - docs/models/operations/deletecontactresponse.md
  - docs/models/components/user.md
  - docs/models/components/plan.md
  - docs/models/components/httpmetadata.md
  - docs/models/components/calllist.md
  - docs/models/components/call.md
  - docs/models/components/callinput.md
  - docs/models/components/createfromtasktemplate.md
  - docs/models/components/transcript.md
  - docs/models/components/transcriptmessage.md
  - docs/models/components/tasktemplatelist.md
  - docs/models/components/tasktemplate.md
  - docs/models/components/tasktemplateproperty.md
  - docs/models/components/tasktemplateinput.md
  - docs/models/components/campaignlist.md
  - docs/models/components/campaign.md
  - docs/models/components/day.md
  - docs/models/components/dailyavailability.md
  - docs/models/components/campaigninput.md
  - docs/models/components/contactlist.md
  - docs/models/components/customfields.md
  - docs/models/components/validationerrors.md
  - docs/models/components/contact.md
  - docs/models/components/campaigncall.md
  - docs/models/components/contactinput.md
  - docs/models/components/campaigncallinput.md
  - docs/models/components/security.md
  - docs/sdks/vibrato/README.md
  - docs/sdks/users/README.md
  - docs/sdks/calls/README.md
  - docs/sdks/tasktemplates/README.md
  - docs/sdks/campaigns/README.md
  - docs/sdks/contacts/README.md
  - USAGE.md
  - .gitattributes
  - src/vibrato/_hooks/sdkhooks.py
  - src/vibrato/_hooks/types.py
  - src/vibrato/_hooks/__init__.py
