speakeasyVersion: 1.312.0
sources:
    vibrato-pub-api:
        sourceNamespace: vibrato-pub-api
        sourceRevisionDigest: sha256:5a61a8310a27e09422b8e9bef2715de52bc79bdbabdbd1b6d7f2c52f1288f4f6
        sourceBlobDigest: sha256:d0e39f2f0549021ec7c23edb3bc96adf0a6afad4e8d2c2e4a5694ccc7bbdad73
        tags:
            - latest
targets:
    my-first-target:
        source: vibrato-pub-api
        sourceNamespace: vibrato-pub-api
        sourceRevisionDigest: sha256:5a61a8310a27e09422b8e9bef2715de52bc79bdbabdbd1b6d7f2c52f1288f4f6
        sourceBlobDigest: sha256:d0e39f2f0549021ec7c23edb3bc96adf0a6afad4e8d2c2e4a5694ccc7bbdad73
        outLocation: /Users/dh/src/vibrato-python
workflow:
    workflowVersion: 1.0.0
    speakeasyVersion: latest
    sources:
        vibrato-pub-api:
            inputs:
                - location: ../vibrato/vibrato/openapi/public_api.yaml
            registry:
                location: registry.speakeasyapi.dev/vibrato-cd9/vibrato-2/vibrato-pub-api
    targets:
        my-first-target:
            target: python
            source: vibrato-pub-api
