speakeasyVersion: 1.335.0
sources:
    vibrato-pub-api:
        sourceNamespace: vibrato-pub-api
        sourceRevisionDigest: sha256:7ff2121e6277f14449c78127bd3a1eaa233c716d7701fd6fedd4a88ed937278e
        sourceBlobDigest: sha256:7883c0773c288e1d16367ef3b5d21c4d42959c869191b1114623d753f9c133e6
        tags:
            - latest
targets:
    terraform-provider-vibrato:
        source: vibrato-pub-api
        sourceNamespace: vibrato-pub-api
        sourceRevisionDigest: sha256:2e125340f74ea16accf61c4b789dd98c38f29a67810a8c678efc951cd7a18efb
        sourceBlobDigest: sha256:baa1d912969f36ab53642b46ac937f6f817c49e49ecd66d40a67395f13275af0
        outLocation: ../terraform-provider-vibrato
    vibrato-python:
        source: vibrato-pub-api
        sourceNamespace: vibrato-pub-api
        sourceRevisionDigest: sha256:7ff2121e6277f14449c78127bd3a1eaa233c716d7701fd6fedd4a88ed937278e
        sourceBlobDigest: sha256:7883c0773c288e1d16367ef3b5d21c4d42959c869191b1114623d753f9c133e6
        outLocation: .
workflow:
    workflowVersion: 1.0.0
    speakeasyVersion: 1.335.0
    sources:
        vibrato-pub-api:
            inputs:
                - location: ../vibrato-app/vibrato/openapi/public_api.yaml
            registry:
                location: registry.speakeasyapi.dev/vibrato-cd9/vibrato-2/vibrato-pub-api
    targets:
        terraform-provider-vibrato:
            target: terraform
            source: vibrato-pub-api
            output: ../terraform-provider-vibrato
        vibrato-python:
            target: python
            source: vibrato-pub-api
            output: .
