speakeasyVersion: 1.335.0
sources:
    vibrato-pub-api:
        sourceNamespace: vibrato-pub-api
        sourceRevisionDigest: sha256:d7852d700439ede9e6baa6f35f8fd08fbb32547cb357d870a2703a40cb7f083e
        sourceBlobDigest: sha256:35482063ba22c43572ba29e601a650db23e1f8e751ccb08e22dddc88171915fe
        tags:
            - latest
targets:
    terraform-provider-vibrato:
        source: vibrato-pub-api
        sourceNamespace: vibrato-pub-api
        sourceRevisionDigest: sha256:2e125340f74ea16accf61c4b789dd98c38f29a67810a8c678efc951cd7a18efb
        sourceBlobDigest: sha256:baa1d912969f36ab53642b46ac937f6f817c49e49ecd66d40a67395f13275af0
        outLocation: ../terraform-provider-vibrato
    vibrato-python:
        source: vibrato-pub-api
        sourceNamespace: vibrato-pub-api
        sourceRevisionDigest: sha256:d7852d700439ede9e6baa6f35f8fd08fbb32547cb357d870a2703a40cb7f083e
        sourceBlobDigest: sha256:35482063ba22c43572ba29e601a650db23e1f8e751ccb08e22dddc88171915fe
        outLocation: .
workflow:
    workflowVersion: 1.0.0
    speakeasyVersion: 1.335.0
    sources:
        vibrato-pub-api:
            inputs:
                - location: ../vibrato-app/vibrato/openapi/public_api.yaml
            registry:
                location: registry.speakeasyapi.dev/vibrato-cd9/vibrato-2/vibrato-pub-api
    targets:
        terraform-provider-vibrato:
            target: terraform
            source: vibrato-pub-api
            output: ../terraform-provider-vibrato
        vibrato-python:
            target: python
            source: vibrato-pub-api
            output: .
